// !$*UTF8*$!
{
	archiveVersion = 1;
	classes = {
	};
	objectVersion = 46;
	objects = {

/* Begin PBXBuildFile section */
		FFDD7F981F0CDD0800184A7B /* main.m in Sources */ = {isa = PBXBuildFile; fileRef = FFDD7F971F0CDD0800184A7B /* main.m */; };
		FFDD7F9B1F0CDD0800184A7B /* AppDelegate.m in Sources */ = {isa = PBXBuildFile; fileRef = FFDD7F9A1F0CDD0800184A7B /* AppDelegate.m */; };
		FFDD7FA11F0CDD0800184A7B /* Main.storyboard in Resources */ = {isa = PBXBuildFile; fileRef = FFDD7F9F1F0CDD0800184A7B /* Main.storyboard */; };
		FFDD7FA41F0CDD0800184A7B /* DeemMessenger.xcdatamodeld in Sources */ = {isa = PBXBuildFile; fileRef = FFDD7FA21F0CDD0800184A7B /* DeemMessenger.xcdatamodeld */; };
		FFDD7FA61F0CDD0800184A7B /* Assets.xcassets in Resources */ = {isa = PBXBuildFile; fileRef = FFDD7FA51F0CDD0800184A7B /* Assets.xcassets */; };
		FFDD7FA91F0CDD0800184A7B /* LaunchScreen.storyboard in Resources */ = {isa = PBXBuildFile; fileRef = FFDD7FA71F0CDD0800184A7B /* LaunchScreen.storyboard */; };
		FFDD7FB41F0CDD0800184A7B /* DeemMessengerTests.m in Sources */ = {isa = PBXBuildFile; fileRef = FFDD7FB31F0CDD0800184A7B /* DeemMessengerTests.m */; };
		FFDD7FBF1F0CDD0800184A7B /* DeemMessengerUITests.m in Sources */ = {isa = PBXBuildFile; fileRef = FFDD7FBE1F0CDD0800184A7B /* DeemMessengerUITests.m */; };
		FFDD7FDC1F0F598E00184A7B /* DMChatVC.m in Sources */ = {isa = PBXBuildFile; fileRef = FFDD7FDB1F0F598E00184A7B /* DMChatVC.m */; };
		FFDD7FE01F0F5A1300184A7B /* DMChatCollectionView.m in Sources */ = {isa = PBXBuildFile; fileRef = FFDD7FDF1F0F5A1300184A7B /* DMChatCollectionView.m */; };
		FFDD7FE61F0F5A5C00184A7B /* DMMessageCell.m in Sources */ = {isa = PBXBuildFile; fileRef = FFDD7FE51F0F5A5C00184A7B /* DMMessageCell.m */; };
		FFDD7FE91F0F5A7300184A7B /* DMMessageView.m in Sources */ = {isa = PBXBuildFile; fileRef = FFDD7FE81F0F5A7300184A7B /* DMMessageView.m */; };
		FFDD7FED1F0F5A9700184A7B /* DMImageMessageView.m in Sources */ = {isa = PBXBuildFile; fileRef = FFDD7FEC1F0F5A9700184A7B /* DMImageMessageView.m */; };
		FFDD7FF01F0F5AA700184A7B /* DMGeolocationMessageView.m in Sources */ = {isa = PBXBuildFile; fileRef = FFDD7FEF1F0F5AA700184A7B /* DMGeolocationMessageView.m */; };
		FFDD7FF31F0F5AB100184A7B /* DMTextMessageView.m in Sources */ = {isa = PBXBuildFile; fileRef = FFDD7FF21F0F5AB100184A7B /* DMTextMessageView.m */; };
		FFDD7FF51F0F5ABA00184A7B /* DMTextMessageView.xib in Resources */ = {isa = PBXBuildFile; fileRef = FFDD7FF41F0F5ABA00184A7B /* DMTextMessageView.xib */; };
		FFDD7FF71F0F5AC900184A7B /* DMGeolocationMessageView.xib in Resources */ = {isa = PBXBuildFile; fileRef = FFDD7FF61F0F5AC900184A7B /* DMGeolocationMessageView.xib */; };
		FFDD7FF91F0F5AD100184A7B /* DMImageMessageView.xib in Resources */ = {isa = PBXBuildFile; fileRef = FFDD7FF81F0F5AD100184A7B /* DMImageMessageView.xib */; };
		FFDD7FFF1F0F61B000184A7B /* DMDialogHolder.m in Sources */ = {isa = PBXBuildFile; fileRef = FFDD7FFE1F0F61B000184A7B /* DMDialogHolder.m */; };
		FFDD80151F0F626B00184A7B /* DMUser+CoreDataClass.m in Sources */ = {isa = PBXBuildFile; fileRef = FFDD800E1F0F626B00184A7B /* DMUser+CoreDataClass.m */; };
		FFDD80161F0F626B00184A7B /* DMUser+CoreDataProperties.m in Sources */ = {isa = PBXBuildFile; fileRef = FFDD80101F0F626B00184A7B /* DMUser+CoreDataProperties.m */; };
		FFDD80171F0F626B00184A7B /* DMMessege+CoreDataClass.m in Sources */ = {isa = PBXBuildFile; fileRef = FFDD80121F0F626B00184A7B /* DMMessege+CoreDataClass.m */; };
		FFDD80181F0F626B00184A7B /* DMMessege+CoreDataProperties.m in Sources */ = {isa = PBXBuildFile; fileRef = FFDD80141F0F626B00184A7B /* DMMessege+CoreDataProperties.m */; };
		FFDD801A1F0F6B7D00184A7B /* DecepticonUser.json in Resources */ = {isa = PBXBuildFile; fileRef = FFDD80191F0F6B7D00184A7B /* DecepticonUser.json */; };
		FFDD801D1F0F6C2D00184A7B /* DMDecepticon.m in Sources */ = {isa = PBXBuildFile; fileRef = FFDD801C1F0F6C2D00184A7B /* DMDecepticon.m */; };
/* End PBXBuildFile section */

/* Begin PBXContainerItemProxy section */
		FFDD7FB01F0CDD0800184A7B /* PBXContainerItemProxy */ = {
			isa = PBXContainerItemProxy;
			containerPortal = FFDD7F8B1F0CDD0800184A7B /* Project object */;
			proxyType = 1;
			remoteGlobalIDString = FFDD7F921F0CDD0800184A7B;
			remoteInfo = DeemMessenger;
		};
		FFDD7FBB1F0CDD0800184A7B /* PBXContainerItemProxy */ = {
			isa = PBXContainerItemProxy;
			containerPortal = FFDD7F8B1F0CDD0800184A7B /* Project object */;
			proxyType = 1;
			remoteGlobalIDString = FFDD7F921F0CDD0800184A7B;
			remoteInfo = DeemMessenger;
		};
/* End PBXContainerItemProxy section */

/* Begin PBXFileReference section */
		FFDD7F931F0CDD0800184A7B /* DeemMessenger.app */ = {isa = PBXFileReference; explicitFileType = wrapper.application; includeInIndex = 0; path = DeemMessenger.app; sourceTree = BUILT_PRODUCTS_DIR; };
		FFDD7F971F0CDD0800184A7B /* main.m */ = {isa = PBXFileReference; lastKnownFileType = sourcecode.c.objc; path = main.m; sourceTree = "<group>"; };
		FFDD7F991F0CDD0800184A7B /* AppDelegate.h */ = {isa = PBXFileReference; lastKnownFileType = sourcecode.c.h; path = AppDelegate.h; sourceTree = "<group>"; };
		FFDD7F9A1F0CDD0800184A7B /* AppDelegate.m */ = {isa = PBXFileReference; lastKnownFileType = sourcecode.c.objc; path = AppDelegate.m; sourceTree = "<group>"; };
		FFDD7FA01F0CDD0800184A7B /* Base */ = {isa = PBXFileReference; lastKnownFileType = file.storyboard; name = Base; path = Base.lproj/Main.storyboard; sourceTree = "<group>"; };
		FFDD7FA31F0CDD0800184A7B /* DeemMessenger.xcdatamodel */ = {isa = PBXFileReference; lastKnownFileType = wrapper.xcdatamodel; path = DeemMessenger.xcdatamodel; sourceTree = "<group>"; };
		FFDD7FA51F0CDD0800184A7B /* Assets.xcassets */ = {isa = PBXFileReference; lastKnownFileType = folder.assetcatalog; path = Assets.xcassets; sourceTree = "<group>"; };
		FFDD7FA81F0CDD0800184A7B /* Base */ = {isa = PBXFileReference; lastKnownFileType = file.storyboard; name = Base; path = Base.lproj/LaunchScreen.storyboard; sourceTree = "<group>"; };
		FFDD7FAA1F0CDD0800184A7B /* Info.plist */ = {isa = PBXFileReference; lastKnownFileType = text.plist.xml; path = Info.plist; sourceTree = "<group>"; };
		FFDD7FAF1F0CDD0800184A7B /* DeemMessengerTests.xctest */ = {isa = PBXFileReference; explicitFileType = wrapper.cfbundle; includeInIndex = 0; path = DeemMessengerTests.xctest; sourceTree = BUILT_PRODUCTS_DIR; };
		FFDD7FB31F0CDD0800184A7B /* DeemMessengerTests.m */ = {isa = PBXFileReference; lastKnownFileType = sourcecode.c.objc; path = DeemMessengerTests.m; sourceTree = "<group>"; };
		FFDD7FB51F0CDD0800184A7B /* Info.plist */ = {isa = PBXFileReference; lastKnownFileType = text.plist.xml; path = Info.plist; sourceTree = "<group>"; };
		FFDD7FBA1F0CDD0800184A7B /* DeemMessengerUITests.xctest */ = {isa = PBXFileReference; explicitFileType = wrapper.cfbundle; includeInIndex = 0; path = DeemMessengerUITests.xctest; sourceTree = BUILT_PRODUCTS_DIR; };
		FFDD7FBE1F0CDD0800184A7B /* DeemMessengerUITests.m */ = {isa = PBXFileReference; lastKnownFileType = sourcecode.c.objc; path = DeemMessengerUITests.m; sourceTree = "<group>"; };
		FFDD7FC01F0CDD0800184A7B /* Info.plist */ = {isa = PBXFileReference; lastKnownFileType = text.plist.xml; path = Info.plist; sourceTree = "<group>"; };
		FFDD7FD11F0E01B400184A7B /* PrefixHeader.pch */ = {isa = PBXFileReference; lastKnownFileType = sourcecode.c.h; path = PrefixHeader.pch; sourceTree = "<group>"; };
		FFDD7FDA1F0F598E00184A7B /* DMChatVC.h */ = {isa = PBXFileReference; fileEncoding = 4; lastKnownFileType = sourcecode.c.h; path = DMChatVC.h; sourceTree = "<group>"; };
		FFDD7FDB1F0F598E00184A7B /* DMChatVC.m */ = {isa = PBXFileReference; fileEncoding = 4; lastKnownFileType = sourcecode.c.objc; path = DMChatVC.m; sourceTree = "<group>"; };
		FFDD7FDE1F0F5A1300184A7B /* DMChatCollectionView.h */ = {isa = PBXFileReference; fileEncoding = 4; lastKnownFileType = sourcecode.c.h; path = DMChatCollectionView.h; sourceTree = "<group>"; };
		FFDD7FDF1F0F5A1300184A7B /* DMChatCollectionView.m */ = {isa = PBXFileReference; fileEncoding = 4; lastKnownFileType = sourcecode.c.objc; path = DMChatCollectionView.m; sourceTree = "<group>"; };
		FFDD7FE41F0F5A5C00184A7B /* DMMessageCell.h */ = {isa = PBXFileReference; fileEncoding = 4; lastKnownFileType = sourcecode.c.h; path = DMMessageCell.h; sourceTree = "<group>"; };
		FFDD7FE51F0F5A5C00184A7B /* DMMessageCell.m */ = {isa = PBXFileReference; fileEncoding = 4; lastKnownFileType = sourcecode.c.objc; path = DMMessageCell.m; sourceTree = "<group>"; };
		FFDD7FE71F0F5A7300184A7B /* DMMessageView.h */ = {isa = PBXFileReference; fileEncoding = 4; lastKnownFileType = sourcecode.c.h; path = DMMessageView.h; sourceTree = "<group>"; };
		FFDD7FE81F0F5A7300184A7B /* DMMessageView.m */ = {isa = PBXFileReference; fileEncoding = 4; lastKnownFileType = sourcecode.c.objc; path = DMMessageView.m; sourceTree = "<group>"; };
		FFDD7FEB1F0F5A9700184A7B /* DMImageMessageView.h */ = {isa = PBXFileReference; fileEncoding = 4; lastKnownFileType = sourcecode.c.h; path = DMImageMessageView.h; sourceTree = "<group>"; };
		FFDD7FEC1F0F5A9700184A7B /* DMImageMessageView.m */ = {isa = PBXFileReference; fileEncoding = 4; lastKnownFileType = sourcecode.c.objc; path = DMImageMessageView.m; sourceTree = "<group>"; };
		FFDD7FEE1F0F5AA700184A7B /* DMGeolocationMessageView.h */ = {isa = PBXFileReference; fileEncoding = 4; lastKnownFileType = sourcecode.c.h; path = DMGeolocationMessageView.h; sourceTree = "<group>"; };
		FFDD7FEF1F0F5AA700184A7B /* DMGeolocationMessageView.m */ = {isa = PBXFileReference; fileEncoding = 4; lastKnownFileType = sourcecode.c.objc; path = DMGeolocationMessageView.m; sourceTree = "<group>"; };
		FFDD7FF11F0F5AB100184A7B /* DMTextMessageView.h */ = {isa = PBXFileReference; fileEncoding = 4; lastKnownFileType = sourcecode.c.h; path = DMTextMessageView.h; sourceTree = "<group>"; };
		FFDD7FF21F0F5AB100184A7B /* DMTextMessageView.m */ = {isa = PBXFileReference; fileEncoding = 4; lastKnownFileType = sourcecode.c.objc; path = DMTextMessageView.m; sourceTree = "<group>"; };
		FFDD7FF41F0F5ABA00184A7B /* DMTextMessageView.xib */ = {isa = PBXFileReference; fileEncoding = 4; lastKnownFileType = file.xib; path = DMTextMessageView.xib; sourceTree = "<group>"; };
		FFDD7FF61F0F5AC900184A7B /* DMGeolocationMessageView.xib */ = {isa = PBXFileReference; fileEncoding = 4; lastKnownFileType = file.xib; path = DMGeolocationMessageView.xib; sourceTree = "<group>"; };
		FFDD7FF81F0F5AD100184A7B /* DMImageMessageView.xib */ = {isa = PBXFileReference; fileEncoding = 4; lastKnownFileType = file.xib; path = DMImageMessageView.xib; sourceTree = "<group>"; };
		FFDD7FFD1F0F61B000184A7B /* DMDialogHolder.h */ = {isa = PBXFileReference; fileEncoding = 4; lastKnownFileType = sourcecode.c.h; path = DMDialogHolder.h; sourceTree = "<group>"; };
		FFDD7FFE1F0F61B000184A7B /* DMDialogHolder.m */ = {isa = PBXFileReference; fileEncoding = 4; lastKnownFileType = sourcecode.c.objc; path = DMDialogHolder.m; sourceTree = "<group>"; };
		FFDD800D1F0F626B00184A7B /* DMUser+CoreDataClass.h */ = {isa = PBXFileReference; fileEncoding = 4; lastKnownFileType = sourcecode.c.h; path = "DMUser+CoreDataClass.h"; sourceTree = "<group>"; };
		FFDD800E1F0F626B00184A7B /* DMUser+CoreDataClass.m */ = {isa = PBXFileReference; fileEncoding = 4; lastKnownFileType = sourcecode.c.objc; path = "DMUser+CoreDataClass.m"; sourceTree = "<group>"; };
		FFDD800F1F0F626B00184A7B /* DMUser+CoreDataProperties.h */ = {isa = PBXFileReference; fileEncoding = 4; lastKnownFileType = sourcecode.c.h; path = "DMUser+CoreDataProperties.h"; sourceTree = "<group>"; };
		FFDD80101F0F626B00184A7B /* DMUser+CoreDataProperties.m */ = {isa = PBXFileReference; fileEncoding = 4; lastKnownFileType = sourcecode.c.objc; path = "DMUser+CoreDataProperties.m"; sourceTree = "<group>"; };
		FFDD80111F0F626B00184A7B /* DMMessege+CoreDataClass.h */ = {isa = PBXFileReference; fileEncoding = 4; lastKnownFileType = sourcecode.c.h; path = "DMMessege+CoreDataClass.h"; sourceTree = "<group>"; };
		FFDD80121F0F626B00184A7B /* DMMessege+CoreDataClass.m */ = {isa = PBXFileReference; fileEncoding = 4; lastKnownFileType = sourcecode.c.objc; path = "DMMessege+CoreDataClass.m"; sourceTree = "<group>"; };
		FFDD80131F0F626B00184A7B /* DMMessege+CoreDataProperties.h */ = {isa = PBXFileReference; fileEncoding = 4; lastKnownFileType = sourcecode.c.h; path = "DMMessege+CoreDataProperties.h"; sourceTree = "<group>"; };
		FFDD80141F0F626B00184A7B /* DMMessege+CoreDataProperties.m */ = {isa = PBXFileReference; fileEncoding = 4; lastKnownFileType = sourcecode.c.objc; path = "DMMessege+CoreDataProperties.m"; sourceTree = "<group>"; };
		FFDD80191F0F6B7D00184A7B /* DecepticonUser.json */ = {isa = PBXFileReference; fileEncoding = 4; lastKnownFileType = text.json; path = DecepticonUser.json; sourceTree = "<group>"; };
		FFDD801B1F0F6C2D00184A7B /* DMDecepticon.h */ = {isa = PBXFileReference; fileEncoding = 4; lastKnownFileType = sourcecode.c.h; path = DMDecepticon.h; sourceTree = "<group>"; };
		FFDD801C1F0F6C2D00184A7B /* DMDecepticon.m */ = {isa = PBXFileReference; fileEncoding = 4; lastKnownFileType = sourcecode.c.objc; path = DMDecepticon.m; sourceTree = "<group>"; };
/* End PBXFileReference section */

/* Begin PBXFrameworksBuildPhase section */
		FFDD7F901F0CDD0800184A7B /* Frameworks */ = {
			isa = PBXFrameworksBuildPhase;
			buildActionMask = 2147483647;
			files = (
			);
			runOnlyForDeploymentPostprocessing = 0;
		};
		FFDD7FAC1F0CDD0800184A7B /* Frameworks */ = {
			isa = PBXFrameworksBuildPhase;
			buildActionMask = 2147483647;
			files = (
			);
			runOnlyForDeploymentPostprocessing = 0;
		};
		FFDD7FB71F0CDD0800184A7B /* Frameworks */ = {
			isa = PBXFrameworksBuildPhase;
			buildActionMask = 2147483647;
			files = (
			);
			runOnlyForDeploymentPostprocessing = 0;
		};
/* End PBXFrameworksBuildPhase section */

/* Begin PBXGroup section */
		FFDD7F8A1F0CDD0800184A7B = {
			isa = PBXGroup;
			children = (
				FFDD7F951F0CDD0800184A7B /* DeemMessenger */,
				FFDD7FB21F0CDD0800184A7B /* DeemMessengerTests */,
				FFDD7FBD1F0CDD0800184A7B /* DeemMessengerUITests */,
				FFDD7F941F0CDD0800184A7B /* Products */,
			);
			sourceTree = "<group>";
		};
		FFDD7F941F0CDD0800184A7B /* Products */ = {
			isa = PBXGroup;
			children = (
				FFDD7F931F0CDD0800184A7B /* DeemMessenger.app */,
				FFDD7FAF1F0CDD0800184A7B /* DeemMessengerTests.xctest */,
				FFDD7FBA1F0CDD0800184A7B /* DeemMessengerUITests.xctest */,
			);
			name = Products;
			sourceTree = "<group>";
		};
		FFDD7F951F0CDD0800184A7B /* DeemMessenger */ = {
			isa = PBXGroup;
			children = (
				FFDD7F9F1F0CDD0800184A7B /* Main.storyboard */,
				FFDD7F991F0CDD0800184A7B /* AppDelegate.h */,
				FFDD7F9A1F0CDD0800184A7B /* AppDelegate.m */,
				FFDD7FCD1F0CF99800184A7B /* Utility */,
				FFDD7FCE1F0CF9B200184A7B /* View Controllers */,
				FFDD7FCF1F0CF9BB00184A7B /* Views */,
				FFDD7FD01F0CF9CC00184A7B /* Model */,
				FFDD7F961F0CDD0800184A7B /* Supporting Files */,
			);
			path = DeemMessenger;
			sourceTree = "<group>";
		};
		FFDD7F961F0CDD0800184A7B /* Supporting Files */ = {
			isa = PBXGroup;
			children = (
				FFDD7FA21F0CDD0800184A7B /* DeemMessenger.xcdatamodeld */,
				FFDD7FA51F0CDD0800184A7B /* Assets.xcassets */,
				FFDD7FA71F0CDD0800184A7B /* LaunchScreen.storyboard */,
				FFDD7FAA1F0CDD0800184A7B /* Info.plist */,
				FFDD7F971F0CDD0800184A7B /* main.m */,
				FFDD7FD11F0E01B400184A7B /* PrefixHeader.pch */,
				FFDD80191F0F6B7D00184A7B /* DecepticonUser.json */,
			);
			name = "Supporting Files";
			sourceTree = "<group>";
		};
		FFDD7FB21F0CDD0800184A7B /* DeemMessengerTests */ = {
			isa = PBXGroup;
			children = (
				FFDD7FB31F0CDD0800184A7B /* DeemMessengerTests.m */,
				FFDD7FB51F0CDD0800184A7B /* Info.plist */,
			);
			path = DeemMessengerTests;
			sourceTree = "<group>";
		};
		FFDD7FBD1F0CDD0800184A7B /* DeemMessengerUITests */ = {
			isa = PBXGroup;
			children = (
				FFDD7FBE1F0CDD0800184A7B /* DeemMessengerUITests.m */,
				FFDD7FC01F0CDD0800184A7B /* Info.plist */,
			);
			path = DeemMessengerUITests;
			sourceTree = "<group>";
		};
		FFDD7FCD1F0CF99800184A7B /* Utility */ = {
			isa = PBXGroup;
			children = (
				FFDD7FFD1F0F61B000184A7B /* DMDialogHolder.h */,
				FFDD7FFE1F0F61B000184A7B /* DMDialogHolder.m */,
				FFDD801B1F0F6C2D00184A7B /* DMDecepticon.h */,
				FFDD801C1F0F6C2D00184A7B /* DMDecepticon.m */,
			);
			name = Utility;
			sourceTree = "<group>";
		};
		FFDD7FCE1F0CF9B200184A7B /* View Controllers */ = {
			isa = PBXGroup;
			children = (
				FFDD7FDA1F0F598E00184A7B /* DMChatVC.h */,
				FFDD7FDB1F0F598E00184A7B /* DMChatVC.m */,
			);
			name = "View Controllers";
			sourceTree = "<group>";
		};
		FFDD7FCF1F0CF9BB00184A7B /* Views */ = {
			isa = PBXGroup;
			children = (
				FFDD7FDD1F0F59ED00184A7B /* Chat */,
			);
			name = Views;
			sourceTree = "<group>";
		};
		FFDD7FD01F0CF9CC00184A7B /* Model */ = {
			isa = PBXGroup;
			children = (
				FFDD800D1F0F626B00184A7B /* DMUser+CoreDataClass.h */,
				FFDD800E1F0F626B00184A7B /* DMUser+CoreDataClass.m */,
				FFDD800F1F0F626B00184A7B /* DMUser+CoreDataProperties.h */,
				FFDD80101F0F626B00184A7B /* DMUser+CoreDataProperties.m */,
				FFDD80111F0F626B00184A7B /* DMMessege+CoreDataClass.h */,
				FFDD80121F0F626B00184A7B /* DMMessege+CoreDataClass.m */,
				FFDD80131F0F626B00184A7B /* DMMessege+CoreDataProperties.h */,
				FFDD80141F0F626B00184A7B /* DMMessege+CoreDataProperties.m */,
			);
			name = Model;
			sourceTree = "<group>";
		};
		FFDD7FDD1F0F59ED00184A7B /* Chat */ = {
			isa = PBXGroup;
			children = (
				FFDD7FEA1F0F5A7E00184A7B /* Message Views */,
				FFDD7FDE1F0F5A1300184A7B /* DMChatCollectionView.h */,
				FFDD7FDF1F0F5A1300184A7B /* DMChatCollectionView.m */,
				FFDD7FE41F0F5A5C00184A7B /* DMMessageCell.h */,
				FFDD7FE51F0F5A5C00184A7B /* DMMessageCell.m */,
			);
			name = Chat;
			sourceTree = "<group>";
		};
		FFDD7FEA1F0F5A7E00184A7B /* Message Views */ = {
			isa = PBXGroup;
			children = (
				FFDD7FE71F0F5A7300184A7B /* DMMessageView.h */,
				FFDD7FE81F0F5A7300184A7B /* DMMessageView.m */,
				FFDD7FFA1F0F60C500184A7B /* Text Message */,
				FFDD7FFB1F0F60CE00184A7B /* Image Message */,
				FFDD7FFC1F0F60DC00184A7B /* Geolocation Message */,
			);
			name = "Message Views";
			sourceTree = "<group>";
		};
		FFDD7FFA1F0F60C500184A7B /* Text Message */ = {
			isa = PBXGroup;
			children = (
				FFDD7FF11F0F5AB100184A7B /* DMTextMessageView.h */,
				FFDD7FF21F0F5AB100184A7B /* DMTextMessageView.m */,
				FFDD7FF41F0F5ABA00184A7B /* DMTextMessageView.xib */,
			);
			name = "Text Message";
			sourceTree = "<group>";
		};
		FFDD7FFB1F0F60CE00184A7B /* Image Message */ = {
			isa = PBXGroup;
			children = (
				FFDD7FEB1F0F5A9700184A7B /* DMImageMessageView.h */,
				FFDD7FEC1F0F5A9700184A7B /* DMImageMessageView.m */,
				FFDD7FF81F0F5AD100184A7B /* DMImageMessageView.xib */,
			);
			name = "Image Message";
			sourceTree = "<group>";
		};
		FFDD7FFC1F0F60DC00184A7B /* Geolocation Message */ = {
			isa = PBXGroup;
			children = (
				FFDD7FEE1F0F5AA700184A7B /* DMGeolocationMessageView.h */,
				FFDD7FEF1F0F5AA700184A7B /* DMGeolocationMessageView.m */,
				FFDD7FF61F0F5AC900184A7B /* DMGeolocationMessageView.xib */,
			);
			name = "Geolocation Message";
			sourceTree = "<group>";
		};
/* End PBXGroup section */

/* Begin PBXNativeTarget section */
		FFDD7F921F0CDD0800184A7B /* DeemMessenger */ = {
			isa = PBXNativeTarget;
			buildConfigurationList = FFDD7FC31F0CDD0800184A7B /* Build configuration list for PBXNativeTarget "DeemMessenger" */;
			buildPhases = (
				FFDD7F8F1F0CDD0800184A7B /* Sources */,
				FFDD7F901F0CDD0800184A7B /* Frameworks */,
				FFDD7F911F0CDD0800184A7B /* Resources */,
			);
			buildRules = (
			);
			dependencies = (
			);
			name = DeemMessenger;
			productName = DeemMessenger;
			productReference = FFDD7F931F0CDD0800184A7B /* DeemMessenger.app */;
			productType = "com.apple.product-type.application";
		};
		FFDD7FAE1F0CDD0800184A7B /* DeemMessengerTests */ = {
			isa = PBXNativeTarget;
			buildConfigurationList = FFDD7FC61F0CDD0800184A7B /* Build configuration list for PBXNativeTarget "DeemMessengerTests" */;
			buildPhases = (
				FFDD7FAB1F0CDD0800184A7B /* Sources */,
				FFDD7FAC1F0CDD0800184A7B /* Frameworks */,
				FFDD7FAD1F0CDD0800184A7B /* Resources */,
			);
			buildRules = (
			);
			dependencies = (
				FFDD7FB11F0CDD0800184A7B /* PBXTargetDependency */,
			);
			name = DeemMessengerTests;
			productName = DeemMessengerTests;
			productReference = FFDD7FAF1F0CDD0800184A7B /* DeemMessengerTests.xctest */;
			productType = "com.apple.product-type.bundle.unit-test";
		};
		FFDD7FB91F0CDD0800184A7B /* DeemMessengerUITests */ = {
			isa = PBXNativeTarget;
			buildConfigurationList = FFDD7FC91F0CDD0800184A7B /* Build configuration list for PBXNativeTarget "DeemMessengerUITests" */;
			buildPhases = (
				FFDD7FB61F0CDD0800184A7B /* Sources */,
				FFDD7FB71F0CDD0800184A7B /* Frameworks */,
				FFDD7FB81F0CDD0800184A7B /* Resources */,
			);
			buildRules = (
			);
			dependencies = (
				FFDD7FBC1F0CDD0800184A7B /* PBXTargetDependency */,
			);
			name = DeemMessengerUITests;
			productName = DeemMessengerUITests;
			productReference = FFDD7FBA1F0CDD0800184A7B /* DeemMessengerUITests.xctest */;
			productType = "com.apple.product-type.bundle.ui-testing";
		};
/* End PBXNativeTarget section */

/* Begin PBXProject section */
		FFDD7F8B1F0CDD0800184A7B /* Project object */ = {
			isa = PBXProject;
			attributes = {
				LastUpgradeCheck = 0830;
				ORGANIZATIONNAME = wrk;
				TargetAttributes = {
					FFDD7F921F0CDD0800184A7B = {
						CreatedOnToolsVersion = 8.3.2;
						DevelopmentTeam = 85XZ35DQ9X;
						ProvisioningStyle = Automatic;
					};
					FFDD7FAE1F0CDD0800184A7B = {
						CreatedOnToolsVersion = 8.3.2;
						DevelopmentTeam = 85XZ35DQ9X;
						ProvisioningStyle = Automatic;
						TestTargetID = FFDD7F921F0CDD0800184A7B;
					};
					FFDD7FB91F0CDD0800184A7B = {
						CreatedOnToolsVersion = 8.3.2;
						DevelopmentTeam = 85XZ35DQ9X;
						ProvisioningStyle = Automatic;
						TestTargetID = FFDD7F921F0CDD0800184A7B;
					};
				};
			};
			buildConfigurationList = FFDD7F8E1F0CDD0800184A7B /* Build configuration list for PBXProject "DeemMessenger" */;
			compatibilityVersion = "Xcode 3.2";
			developmentRegion = English;
			hasScannedForEncodings = 0;
			knownRegions = (
				en,
				Base,
			);
			mainGroup = FFDD7F8A1F0CDD0800184A7B;
			productRefGroup = FFDD7F941F0CDD0800184A7B /* Products */;
			projectDirPath = "";
			projectRoot = "";
			targets = (
				FFDD7F921F0CDD0800184A7B /* DeemMessenger */,
				FFDD7FAE1F0CDD0800184A7B /* DeemMessengerTests */,
				FFDD7FB91F0CDD0800184A7B /* DeemMessengerUITests */,
			);
		};
/* End PBXProject section */

/* Begin PBXResourcesBuildPhase section */
		FFDD7F911F0CDD0800184A7B /* Resources */ = {
			isa = PBXResourcesBuildPhase;
			buildActionMask = 2147483647;
			files = (
				FFDD7FF51F0F5ABA00184A7B /* DMTextMessageView.xib in Resources */,
				FFDD7FA91F0CDD0800184A7B /* LaunchScreen.storyboard in Resources */,
				FFDD7FF71F0F5AC900184A7B /* DMGeolocationMessageView.xib in Resources */,
				FFDD801A1F0F6B7D00184A7B /* DecepticonUser.json in Resources */,
				FFDD7FF91F0F5AD100184A7B /* DMImageMessageView.xib in Resources */,
				FFDD7FA61F0CDD0800184A7B /* Assets.xcassets in Resources */,
				FFDD7FA11F0CDD0800184A7B /* Main.storyboard in Resources */,
			);
			runOnlyForDeploymentPostprocessing = 0;
		};
		FFDD7FAD1F0CDD0800184A7B /* Resources */ = {
			isa = PBXResourcesBuildPhase;
			buildActionMask = 2147483647;
			files = (
			);
			runOnlyForDeploymentPostprocessing = 0;
		};
		FFDD7FB81F0CDD0800184A7B /* Resources */ = {
			isa = PBXResourcesBuildPhase;
			buildActionMask = 2147483647;
			files = (
			);
			runOnlyForDeploymentPostprocessing = 0;
		};
/* End PBXResourcesBuildPhase section */

/* Begin PBXSourcesBuildPhase section */
		FFDD7F8F1F0CDD0800184A7B /* Sources */ = {
			isa = PBXSourcesBuildPhase;
			buildActionMask = 2147483647;
			files = (
				FFDD7FF31F0F5AB100184A7B /* DMTextMessageView.m in Sources */,
				FFDD7FE91F0F5A7300184A7B /* DMMessageView.m in Sources */,
				FFDD80171F0F626B00184A7B /* DMMessege+CoreDataClass.m in Sources */,
				FFDD7FE01F0F5A1300184A7B /* DMChatCollectionView.m in Sources */,
				FFDD7F9B1F0CDD0800184A7B /* AppDelegate.m in Sources */,
				FFDD7FED1F0F5A9700184A7B /* DMImageMessageView.m in Sources */,
				FFDD7FFF1F0F61B000184A7B /* DMDialogHolder.m in Sources */,
				FFDD7FE61F0F5A5C00184A7B /* DMMessageCell.m in Sources */,
				FFDD801D1F0F6C2D00184A7B /* DMDecepticon.m in Sources */,
				FFDD7FA41F0CDD0800184A7B /* DeemMessenger.xcdatamodeld in Sources */,
				FFDD7F981F0CDD0800184A7B /* main.m in Sources */,
				FFDD80151F0F626B00184A7B /* DMUser+CoreDataClass.m in Sources */,
				FFDD7FDC1F0F598E00184A7B /* DMChatVC.m in Sources */,
				FFDD80161F0F626B00184A7B /* DMUser+CoreDataProperties.m in Sources */,
				FFDD80181F0F626B00184A7B /* DMMessege+CoreDataProperties.m in Sources */,
				FFDD7FF01F0F5AA700184A7B /* DMGeolocationMessageView.m in Sources */,
			);
			runOnlyForDeploymentPostprocessing = 0;
		};
		FFDD7FAB1F0CDD0800184A7B /* Sources */ = {
			isa = PBXSourcesBuildPhase;
			buildActionMask = 2147483647;
			files = (
				FFDD7FB41F0CDD0800184A7B /* DeemMessengerTests.m in Sources */,
			);
			runOnlyForDeploymentPostprocessing = 0;
		};
		FFDD7FB61F0CDD0800184A7B /* Sources */ = {
			isa = PBXSourcesBuildPhase;
			buildActionMask = 2147483647;
			files = (
				FFDD7FBF1F0CDD0800184A7B /* DeemMessengerUITests.m in Sources */,
			);
			runOnlyForDeploymentPostprocessing = 0;
		};
/* End PBXSourcesBuildPhase section */

/* Begin PBXTargetDependency section */
		FFDD7FB11F0CDD0800184A7B /* PBXTargetDependency */ = {
			isa = PBXTargetDependency;
			target = FFDD7F921F0CDD0800184A7B /* DeemMessenger */;
			targetProxy = FFDD7FB01F0CDD0800184A7B /* PBXContainerItemProxy */;
		};
		FFDD7FBC1F0CDD0800184A7B /* PBXTargetDependency */ = {
			isa = PBXTargetDependency;
			target = FFDD7F921F0CDD0800184A7B /* DeemMessenger */;
			targetProxy = FFDD7FBB1F0CDD0800184A7B /* PBXContainerItemProxy */;
		};
/* End PBXTargetDependency section */

/* Begin PBXVariantGroup section */
		FFDD7F9F1F0CDD0800184A7B /* Main.storyboard */ = {
			isa = PBXVariantGroup;
			children = (
				FFDD7FA01F0CDD0800184A7B /* Base */,
			);
			name = Main.storyboard;
			sourceTree = "<group>";
		};
		FFDD7FA71F0CDD0800184A7B /* LaunchScreen.storyboard */ = {
			isa = PBXVariantGroup;
			children = (
				FFDD7FA81F0CDD0800184A7B /* Base */,
			);
			name = LaunchScreen.storyboard;
			sourceTree = "<group>";
		};
/* End PBXVariantGroup section */

/* Begin XCBuildConfiguration section */
		FFDD7FC11F0CDD0800184A7B /* Debug */ = {
			isa = XCBuildConfiguration;
			buildSettings = {
				ALWAYS_SEARCH_USER_PATHS = NO;
				CLANG_ANALYZER_NONNULL = YES;
				CLANG_ANALYZER_NUMBER_OBJECT_CONVERSION = YES_AGGRESSIVE;
				CLANG_CXX_LANGUAGE_STANDARD = "gnu++0x";
				CLANG_CXX_LIBRARY = "libc++";
				CLANG_ENABLE_MODULES = YES;
				CLANG_ENABLE_OBJC_ARC = YES;
				CLANG_WARN_BOOL_CONVERSION = YES;
				CLANG_WARN_CONSTANT_CONVERSION = YES;
				CLANG_WARN_DIRECT_OBJC_ISA_USAGE = YES_ERROR;
				CLANG_WARN_DOCUMENTATION_COMMENTS = YES;
				CLANG_WARN_EMPTY_BODY = YES;
				CLANG_WARN_ENUM_CONVERSION = YES;
				CLANG_WARN_INFINITE_RECURSION = YES;
				CLANG_WARN_INT_CONVERSION = YES;
				CLANG_WARN_OBJC_ROOT_CLASS = YES_ERROR;
				CLANG_WARN_SUSPICIOUS_MOVE = YES;
				CLANG_WARN_UNREACHABLE_CODE = YES;
				CLANG_WARN__DUPLICATE_METHOD_MATCH = YES;
				"CODE_SIGN_IDENTITY[sdk=iphoneos*]" = "iPhone Developer";
				COPY_PHASE_STRIP = NO;
				DEBUG_INFORMATION_FORMAT = dwarf;
				ENABLE_STRICT_OBJC_MSGSEND = YES;
				ENABLE_TESTABILITY = YES;
				GCC_C_LANGUAGE_STANDARD = gnu99;
				GCC_DYNAMIC_NO_PIC = NO;
				GCC_NO_COMMON_BLOCKS = YES;
				GCC_OPTIMIZATION_LEVEL = 0;
				GCC_PREPROCESSOR_DEFINITIONS = (
					"DEBUG=1",
					"$(inherited)",
				);
				GCC_WARN_64_TO_32_BIT_CONVERSION = YES;
				GCC_WARN_ABOUT_RETURN_TYPE = YES_ERROR;
				GCC_WARN_UNDECLARED_SELECTOR = YES;
				GCC_WARN_UNINITIALIZED_AUTOS = YES_AGGRESSIVE;
				GCC_WARN_UNUSED_FUNCTION = YES;
				GCC_WARN_UNUSED_VARIABLE = YES;
				IPHONEOS_DEPLOYMENT_TARGET = 10.3;
				MTL_ENABLE_DEBUG_INFO = YES;
				ONLY_ACTIVE_ARCH = YES;
				SDKROOT = iphoneos;
				TARGETED_DEVICE_FAMILY = "1,2";
			};
			name = Debug;
		};
		FFDD7FC21F0CDD0800184A7B /* Release */ = {
			isa = XCBuildConfiguration;
			buildSettings = {
				ALWAYS_SEARCH_USER_PATHS = NO;
				CLANG_ANALYZER_NONNULL = YES;
				CLANG_ANALYZER_NUMBER_OBJECT_CONVERSION = YES_AGGRESSIVE;
				CLANG_CXX_LANGUAGE_STANDARD = "gnu++0x";
				CLANG_CXX_LIBRARY = "libc++";
				CLANG_ENABLE_MODULES = YES;
				CLANG_ENABLE_OBJC_ARC = YES;
				CLANG_WARN_BOOL_CONVERSION = YES;
				CLANG_WARN_CONSTANT_CONVERSION = YES;
				CLANG_WARN_DIRECT_OBJC_ISA_USAGE = YES_ERROR;
				CLANG_WARN_DOCUMENTATION_COMMENTS = YES;
				CLANG_WARN_EMPTY_BODY = YES;
				CLANG_WARN_ENUM_CONVERSION = YES;
				CLANG_WARN_INFINITE_RECURSION = YES;
				CLANG_WARN_INT_CONVERSION = YES;
				CLANG_WARN_OBJC_ROOT_CLASS = YES_ERROR;
				CLANG_WARN_SUSPICIOUS_MOVE = YES;
				CLANG_WARN_UNREACHABLE_CODE = YES;
				CLANG_WARN__DUPLICATE_METHOD_MATCH = YES;
				"CODE_SIGN_IDENTITY[sdk=iphoneos*]" = "iPhone Developer";
				COPY_PHASE_STRIP = NO;
				DEBUG_INFORMATION_FORMAT = "dwarf-with-dsym";
				ENABLE_NS_ASSERTIONS = NO;
				ENABLE_STRICT_OBJC_MSGSEND = YES;
				GCC_C_LANGUAGE_STANDARD = gnu99;
				GCC_NO_COMMON_BLOCKS = YES;
				GCC_WARN_64_TO_32_BIT_CONVERSION = YES;
				GCC_WARN_ABOUT_RETURN_TYPE = YES_ERROR;
				GCC_WARN_UNDECLARED_SELECTOR = YES;
				GCC_WARN_UNINITIALIZED_AUTOS = YES_AGGRESSIVE;
				GCC_WARN_UNUSED_FUNCTION = YES;
				GCC_WARN_UNUSED_VARIABLE = YES;
				IPHONEOS_DEPLOYMENT_TARGET = 10.3;
				MTL_ENABLE_DEBUG_INFO = NO;
				SDKROOT = iphoneos;
				TARGETED_DEVICE_FAMILY = "1,2";
				VALIDATE_PRODUCT = YES;
			};
			name = Release;
		};
		FFDD7FC41F0CDD0800184A7B /* Debug */ = {
			isa = XCBuildConfiguration;
			buildSettings = {
				ASSETCATALOG_COMPILER_APPICON_NAME = AppIcon;
				DEVELOPMENT_TEAM = 85XZ35DQ9X;
				INFOPLIST_FILE = DeemMessenger/Info.plist;
				LD_RUNPATH_SEARCH_PATHS = "$(inherited) @executable_path/Frameworks";
				PRODUCT_BUNDLE_IDENTIFIER = com.wrk.DeemMessenger;
				PRODUCT_NAME = "$(TARGET_NAME)";
			};
			name = Debug;
		};
		FFDD7FC51F0CDD0800184A7B /* Release */ = {
			isa = XCBuildConfiguration;
			buildSettings = {
				ASSETCATALOG_COMPILER_APPICON_NAME = AppIcon;
				DEVELOPMENT_TEAM = 85XZ35DQ9X;
				INFOPLIST_FILE = DeemMessenger/Info.plist;
				LD_RUNPATH_SEARCH_PATHS = "$(inherited) @executable_path/Frameworks";
				PRODUCT_BUNDLE_IDENTIFIER = com.wrk.DeemMessenger;
				PRODUCT_NAME = "$(TARGET_NAME)";
			};
			name = Release;
		};
		FFDD7FC71F0CDD0800184A7B /* Debug */ = {
			isa = XCBuildConfiguration;
			buildSettings = {
				BUNDLE_LOADER = "$(TEST_HOST)";
				DEVELOPMENT_TEAM = 85XZ35DQ9X;
				INFOPLIST_FILE = DeemMessengerTests/Info.plist;
				LD_RUNPATH_SEARCH_PATHS = "$(inherited) @executable_path/Frameworks @loader_path/Frameworks";
				PRODUCT_BUNDLE_IDENTIFIER = com.wrk.DeemMessengerTests;
				PRODUCT_NAME = "$(TARGET_NAME)";
				TEST_HOST = "$(BUILT_PRODUCTS_DIR)/DeemMessenger.app/DeemMessenger";
			};
			name = Debug;
		};
		FFDD7FC81F0CDD0800184A7B /* Release */ = {
			isa = XCBuildConfiguration;
			buildSettings = {
				BUNDLE_LOADER = "$(TEST_HOST)";
				DEVELOPMENT_TEAM = 85XZ35DQ9X;
				INFOPLIST_FILE = DeemMessengerTests/Info.plist;
				LD_RUNPATH_SEARCH_PATHS = "$(inherited) @executable_path/Frameworks @loader_path/Frameworks";
				PRODUCT_BUNDLE_IDENTIFIER = com.wrk.DeemMessengerTests;
				PRODUCT_NAME = "$(TARGET_NAME)";
				TEST_HOST = "$(BUILT_PRODUCTS_DIR)/DeemMessenger.app/DeemMessenger";
			};
			name = Release;
		};
		FFDD7FCA1F0CDD0800184A7B /* Debug */ = {
			isa = XCBuildConfiguration;
			buildSettings = {
				DEVELOPMENT_TEAM = 85XZ35DQ9X;
				INFOPLIST_FILE = DeemMessengerUITests/Info.plist;
				LD_RUNPATH_SEARCH_PATHS = "$(inherited) @executable_path/Frameworks @loader_path/Frameworks";
				PRODUCT_BUNDLE_IDENTIFIER = com.wrk.DeemMessengerUITests;
				PRODUCT_NAME = "$(TARGET_NAME)";
				TEST_TARGET_NAME = DeemMessenger;
			};
			name = Debug;
		};
		FFDD7FCB1F0CDD0800184A7B /* Release */ = {
			isa = XCBuildConfiguration;
			buildSettings = {
				DEVELOPMENT_TEAM = 85XZ35DQ9X;
				INFOPLIST_FILE = DeemMessengerUITests/Info.plist;
				LD_RUNPATH_SEARCH_PATHS = "$(inherited) @executable_path/Frameworks @loader_path/Frameworks";
				PRODUCT_BUNDLE_IDENTIFIER = com.wrk.DeemMessengerUITests;
				PRODUCT_NAME = "$(TARGET_NAME)";
				TEST_TARGET_NAME = DeemMessenger;
			};
			name = Release;
		};
/* End XCBuildConfiguration section */

/* Begin XCConfigurationList section */
		FFDD7F8E1F0CDD0800184A7B /* Build configuration list for PBXProject "DeemMessenger" */ = {
			isa = XCConfigurationList;
			buildConfigurations = (
				FFDD7FC11F0CDD0800184A7B /* Debug */,
				FFDD7FC21F0CDD0800184A7B /* Release */,
			);
			defaultConfigurationIsVisible = 0;
			defaultConfigurationName = Release;
		};
		FFDD7FC31F0CDD0800184A7B /* Build configuration list for PBXNativeTarget "DeemMessenger" */ = {
			isa = XCConfigurationList;
			buildConfigurations = (
				FFDD7FC41F0CDD0800184A7B /* Debug */,
				FFDD7FC51F0CDD0800184A7B /* Release */,
			);
			defaultConfigurationIsVisible = 0;
			defaultConfigurationName = Release;
		};
		FFDD7FC61F0CDD0800184A7B /* Build configuration list for PBXNativeTarget "DeemMessengerTests" */ = {
			isa = XCConfigurationList;
			buildConfigurations = (
				FFDD7FC71F0CDD0800184A7B /* Debug */,
				FFDD7FC81F0CDD0800184A7B /* Release */,
			);
			defaultConfigurationIsVisible = 0;
			defaultConfigurationName = Release;
		};
		FFDD7FC91F0CDD0800184A7B /* Build configuration list for PBXNativeTarget "DeemMessengerUITests" */ = {
			isa = XCConfigurationList;
			buildConfigurations = (
				FFDD7FCA1F0CDD0800184A7B /* Debug */,
				FFDD7FCB1F0CDD0800184A7B /* Release */,
			);
			defaultConfigurationIsVisible = 0;
			defaultConfigurationName = Release;
		};
/* End XCConfigurationList section */

/* Begin XCVersionGroup section */
		FFDD7FA21F0CDD0800184A7B /* DeemMessenger.xcdatamodeld */ = {
			isa = XCVersionGroup;
			children = (
				FFDD7FA31F0CDD0800184A7B /* DeemMessenger.xcdatamodel */,
			);
			currentVersion = FFDD7FA31F0CDD0800184A7B /* DeemMessenger.xcdatamodel */;
			path = DeemMessenger.xcdatamodeld;
			sourceTree = "<group>";
			versionGroupType = wrapper.xcdatamodel;
		};
/* End XCVersionGroup section */
	};
	rootObject = FFDD7F8B1F0CDD0800184A7B /* Project object */;
}
